// !$*UTF8*$!
{
	archiveVersion = 1;
	classes = {
	};
	objectVersion = 50;
	objects = {

/* Begin PBXBuildFile section */
		8A257F3E24E530920036D039 /* WeatherViewController.m in Sources */ = {isa = PBXBuildFile; fileRef = 8A257F3D24E530920036D039 /* WeatherViewController.m */; };
		8A257F4624E588760036D039 /* VCsUITests.m in Sources */ = {isa = PBXBuildFile; fileRef = 8A257F4524E588760036D039 /* VCsUITests.m */; };
		8A53295724CDD3B0000F7AA8 /* AppDelegate.m in Sources */ = {isa = PBXBuildFile; fileRef = 8A53295624CDD3B0000F7AA8 /* AppDelegate.m */; };
		8A53295A24CDD3B0000F7AA8 /* SceneDelegate.m in Sources */ = {isa = PBXBuildFile; fileRef = 8A53295924CDD3B0000F7AA8 /* SceneDelegate.m */; };
		8A53295D24CDD3B0000F7AA8 /* ViewController.m in Sources */ = {isa = PBXBuildFile; fileRef = 8A53295C24CDD3B0000F7AA8 /* ViewController.m */; };
		8A53296024CDD3B0000F7AA8 /* Main.storyboard in Resources */ = {isa = PBXBuildFile; fileRef = 8A53295E24CDD3B0000F7AA8 /* Main.storyboard */; };
		8A53296224CDD3B6000F7AA8 /* Assets.xcassets in Resources */ = {isa = PBXBuildFile; fileRef = 8A53296124CDD3B6000F7AA8 /* Assets.xcassets */; };
		8A53296524CDD3B6000F7AA8 /* LaunchScreen.storyboard in Resources */ = {isa = PBXBuildFile; fileRef = 8A53296324CDD3B6000F7AA8 /* LaunchScreen.storyboard */; };
		8A53296824CDD3B6000F7AA8 /* main.m in Sources */ = {isa = PBXBuildFile; fileRef = 8A53296724CDD3B6000F7AA8 /* main.m */; };
/* End PBXBuildFile section */

/* Begin PBXContainerItemProxy section */
		8A257F4824E588760036D039 /* PBXContainerItemProxy */ = {
			isa = PBXContainerItemProxy;
			containerPortal = 8A53294A24CDD3B0000F7AA8 /* Project object */;
			proxyType = 1;
			remoteGlobalIDString = 8A53295124CDD3B0000F7AA8;
			remoteInfo = VCs;
		};
/* End PBXContainerItemProxy section */

/* Begin PBXFileReference section */
		8A257F3B24E412900036D039 /* VCs.entitlements */ = {isa = PBXFileReference; lastKnownFileType = text.plist.entitlements; path = VCs.entitlements; sourceTree = "<group>"; };
		8A257F3C24E530920036D039 /* WeatherViewController.h */ = {isa = PBXFileReference; lastKnownFileType = sourcecode.c.h; path = WeatherViewController.h; sourceTree = "<group>"; };
		8A257F3D24E530920036D039 /* WeatherViewController.m */ = {isa = PBXFileReference; lastKnownFileType = sourcecode.c.objc; path = WeatherViewController.m; sourceTree = "<group>"; };
		8A257F4324E588760036D039 /* VCsUITests.xctest */ = {isa = PBXFileReference; explicitFileType = wrapper.cfbundle; includeInIndex = 0; path = VCsUITests.xctest; sourceTree = BUILT_PRODUCTS_DIR; };
		8A257F4524E588760036D039 /* VCsUITests.m */ = {isa = PBXFileReference; lastKnownFileType = sourcecode.c.objc; path = VCsUITests.m; sourceTree = "<group>"; };
		8A257F4724E588760036D039 /* Info.plist */ = {isa = PBXFileReference; lastKnownFileType = text.plist.xml; path = Info.plist; sourceTree = "<group>"; };
		8A53295224CDD3B0000F7AA8 /* VCs.app */ = {isa = PBXFileReference; explicitFileType = wrapper.application; includeInIndex = 0; path = VCs.app; sourceTree = BUILT_PRODUCTS_DIR; };
		8A53295524CDD3B0000F7AA8 /* AppDelegate.h */ = {isa = PBXFileReference; lastKnownFileType = sourcecode.c.h; path = AppDelegate.h; sourceTree = "<group>"; };
		8A53295624CDD3B0000F7AA8 /* AppDelegate.m */ = {isa = PBXFileReference; lastKnownFileType = sourcecode.c.objc; path = AppDelegate.m; sourceTree = "<group>"; };
		8A53295824CDD3B0000F7AA8 /* SceneDelegate.h */ = {isa = PBXFileReference; lastKnownFileType = sourcecode.c.h; path = SceneDelegate.h; sourceTree = "<group>"; };
		8A53295924CDD3B0000F7AA8 /* SceneDelegate.m */ = {isa = PBXFileReference; lastKnownFileType = sourcecode.c.objc; path = SceneDelegate.m; sourceTree = "<group>"; };
		8A53295B24CDD3B0000F7AA8 /* ViewController.h */ = {isa = PBXFileReference; lastKnownFileType = sourcecode.c.h; path = ViewController.h; sourceTree = "<group>"; };
		8A53295C24CDD3B0000F7AA8 /* ViewController.m */ = {isa = PBXFileReference; lastKnownFileType = sourcecode.c.objc; path = ViewController.m; sourceTree = "<group>"; };
		8A53295F24CDD3B0000F7AA8 /* Base */ = {isa = PBXFileReference; lastKnownFileType = file.storyboard; name = Base; path = Base.lproj/Main.storyboard; sourceTree = "<group>"; };
		8A53296124CDD3B6000F7AA8 /* Assets.xcassets */ = {isa = PBXFileReference; lastKnownFileType = folder.assetcatalog; path = Assets.xcassets; sourceTree = "<group>"; };
		8A53296424CDD3B6000F7AA8 /* Base */ = {isa = PBXFileReference; lastKnownFileType = file.storyboard; name = Base; path = Base.lproj/LaunchScreen.storyboard; sourceTree = "<group>"; };
		8A53296624CDD3B6000F7AA8 /* Info.plist */ = {isa = PBXFileReference; lastKnownFileType = text.plist.xml; path = Info.plist; sourceTree = "<group>"; };
		8A53296724CDD3B6000F7AA8 /* main.m */ = {isa = PBXFileReference; lastKnownFileType = sourcecode.c.objc; path = main.m; sourceTree = "<group>"; };
/* End PBXFileReference section */

/* Begin PBXFrameworksBuildPhase section */
		8A257F4024E588760036D039 /* Frameworks */ = {
			isa = PBXFrameworksBuildPhase;
			buildActionMask = 2147483647;
			files = (
			);
			runOnlyForDeploymentPostprocessing = 0;
		};
		8A53294F24CDD3B0000F7AA8 /* Frameworks */ = {
			isa = PBXFrameworksBuildPhase;
			buildActionMask = 2147483647;
			files = (
			);
			runOnlyForDeploymentPostprocessing = 0;
		};
/* End PBXFrameworksBuildPhase section */

/* Begin PBXGroup section */
		8A257F4424E588760036D039 /* VCsUITests */ = {
			isa = PBXGroup;
			children = (
				8A257F4524E588760036D039 /* VCsUITests.m */,
				8A257F4724E588760036D039 /* Info.plist */,
			);
			path = VCsUITests;
			sourceTree = "<group>";
		};
		8A53294924CDD3B0000F7AA8 = {
			isa = PBXGroup;
			children = (
				8A53295424CDD3B0000F7AA8 /* VCs */,
				8A257F4424E588760036D039 /* VCsUITests */,
				8A53295324CDD3B0000F7AA8 /* Products */,
			);
			sourceTree = "<group>";
		};
		8A53295324CDD3B0000F7AA8 /* Products */ = {
			isa = PBXGroup;
			children = (
				8A53295224CDD3B0000F7AA8 /* VCs.app */,
				8A257F4324E588760036D039 /* VCsUITests.xctest */,
			);
			name = Products;
			sourceTree = "<group>";
		};
		8A53295424CDD3B0000F7AA8 /* VCs */ = {
			isa = PBXGroup;
			children = (
				8A257F3B24E412900036D039 /* VCs.entitlements */,
				8A53295524CDD3B0000F7AA8 /* AppDelegate.h */,
				8A53295624CDD3B0000F7AA8 /* AppDelegate.m */,
				8A53295824CDD3B0000F7AA8 /* SceneDelegate.h */,
				8A53295924CDD3B0000F7AA8 /* SceneDelegate.m */,
				8A53295B24CDD3B0000F7AA8 /* ViewController.h */,
				8A53295C24CDD3B0000F7AA8 /* ViewController.m */,
				8A257F3C24E530920036D039 /* WeatherViewController.h */,
				8A257F3D24E530920036D039 /* WeatherViewController.m */,
				8A53295E24CDD3B0000F7AA8 /* Main.storyboard */,
				8A53296124CDD3B6000F7AA8 /* Assets.xcassets */,
				8A53296324CDD3B6000F7AA8 /* LaunchScreen.storyboard */,
				8A53296624CDD3B6000F7AA8 /* Info.plist */,
				8A53296724CDD3B6000F7AA8 /* main.m */,
			);
			path = VCs;
			sourceTree = "<group>";
		};
/* End PBXGroup section */

/* Begin PBXNativeTarget section */
		8A257F4224E588760036D039 /* VCsUITests */ = {
			isa = PBXNativeTarget;
			buildConfigurationList = 8A257F4A24E588760036D039 /* Build configuration list for PBXNativeTarget "VCsUITests" */;
			buildPhases = (
				8A257F3F24E588760036D039 /* Sources */,
				8A257F4024E588760036D039 /* Frameworks */,
				8A257F4124E588760036D039 /* Resources */,
			);
			buildRules = (
			);
			dependencies = (
				8A257F4924E588760036D039 /* PBXTargetDependency */,
			);
			name = VCsUITests;
			productName = VCsUITests;
			productReference = 8A257F4324E588760036D039 /* VCsUITests.xctest */;
			productType = "com.apple.product-type.bundle.ui-testing";
		};
		8A53295124CDD3B0000F7AA8 /* VCs */ = {
			isa = PBXNativeTarget;
			buildConfigurationList = 8A53296B24CDD3B6000F7AA8 /* Build configuration list for PBXNativeTarget "VCs" */;
			buildPhases = (
				8A53294E24CDD3B0000F7AA8 /* Sources */,
				8A53294F24CDD3B0000F7AA8 /* Frameworks */,
				8A53295024CDD3B0000F7AA8 /* Resources */,
			);
			buildRules = (
			);
			dependencies = (
			);
			name = VCs;
			productName = VCs;
			productReference = 8A53295224CDD3B0000F7AA8 /* VCs.app */;
			productType = "com.apple.product-type.application";
		};
/* End PBXNativeTarget section */

/* Begin PBXProject section */
		8A53294A24CDD3B0000F7AA8 /* Project object */ = {
			isa = PBXProject;
			attributes = {
				LastUpgradeCheck = 1160;
				ORGANIZATIONNAME = "Alexey Baryshnikov";
				TargetAttributes = {
					8A257F4224E588760036D039 = {
						CreatedOnToolsVersion = 11.6;
						TestTargetID = 8A53295124CDD3B0000F7AA8;
					};
					8A53295124CDD3B0000F7AA8 = {
						CreatedOnToolsVersion = 11.6;
					};
				};
			};
			buildConfigurationList = 8A53294D24CDD3B0000F7AA8 /* Build configuration list for PBXProject "VCs" */;
			compatibilityVersion = "Xcode 9.3";
			developmentRegion = en;
			hasScannedForEncodings = 0;
			knownRegions = (
				en,
				Base,
			);
			mainGroup = 8A53294924CDD3B0000F7AA8;
			productRefGroup = 8A53295324CDD3B0000F7AA8 /* Products */;
			projectDirPath = "";
			projectRoot = "";
			targets = (
				8A53295124CDD3B0000F7AA8 /* VCs */,
				8A257F4224E588760036D039 /* VCsUITests */,
			);
		};
/* End PBXProject section */

/* Begin PBXResourcesBuildPhase section */
		8A257F4124E588760036D039 /* Resources */ = {
			isa = PBXResourcesBuildPhase;
			buildActionMask = 2147483647;
			files = (
			);
			runOnlyForDeploymentPostprocessing = 0;
		};
		8A53295024CDD3B0000F7AA8 /* Resources */ = {
			isa = PBXResourcesBuildPhase;
			buildActionMask = 2147483647;
			files = (
				8A53296524CDD3B6000F7AA8 /* LaunchScreen.storyboard in Resources */,
				8A53296224CDD3B6000F7AA8 /* Assets.xcassets in Resources */,
				8A53296024CDD3B0000F7AA8 /* Main.storyboard in Resources */,
			);
			runOnlyForDeploymentPostprocessing = 0;
		};
/* End PBXResourcesBuildPhase section */

/* Begin PBXSourcesBuildPhase section */
		8A257F3F24E588760036D039 /* Sources */ = {
			isa = PBXSourcesBuildPhase;
			buildActionMask = 2147483647;
			files = (
				8A257F4624E588760036D039 /* VCsUITests.m in Sources */,
			);
			runOnlyForDeploymentPostprocessing = 0;
		};
		8A53294E24CDD3B0000F7AA8 /* Sources */ = {
			isa = PBXSourcesBuildPhase;
			buildActionMask = 2147483647;
			files = (
				8A53295D24CDD3B0000F7AA8 /* ViewController.m in Sources */,
				8A53295724CDD3B0000F7AA8 /* AppDelegate.m in Sources */,
				8A53296824CDD3B6000F7AA8 /* main.m in Sources */,
				8A257F3E24E530920036D039 /* WeatherViewController.m in Sources */,
				8A53295A24CDD3B0000F7AA8 /* SceneDelegate.m in Sources */,
			);
			runOnlyForDeploymentPostprocessing = 0;
		};
/* End PBXSourcesBuildPhase section */

/* Begin PBXTargetDependency section */
		8A257F4924E588760036D039 /* PBXTargetDependency */ = {
			isa = PBXTargetDependency;
			target = 8A53295124CDD3B0000F7AA8 /* VCs */;
			targetProxy = 8A257F4824E588760036D039 /* PBXContainerItemProxy */;
		};
/* End PBXTargetDependency section */

/* Begin PBXVariantGroup section */
		8A53295E24CDD3B0000F7AA8 /* Main.storyboard */ = {
			isa = PBXVariantGroup;
			children = (
				8A53295F24CDD3B0000F7AA8 /* Base */,
			);
			name = Main.storyboard;
			sourceTree = "<group>";
		};
		8A53296324CDD3B6000F7AA8 /* LaunchScreen.storyboard */ = {
			isa = PBXVariantGroup;
			children = (
				8A53296424CDD3B6000F7AA8 /* Base */,
			);
			name = LaunchScreen.storyboard;
			sourceTree = "<group>";
		};
/* End PBXVariantGroup section */

/* Begin XCBuildConfiguration section */
		8A257F4B24E588760036D039 /* Debug */ = {
			isa = XCBuildConfiguration;
			buildSettings = {
				CODE_SIGN_STYLE = Automatic;
				DEVELOPMENT_TEAM = V4K88747GJ;
				INFOPLIST_FILE = VCsUITests/Info.plist;
				LD_RUNPATH_SEARCH_PATHS = (
					"$(inherited)",
					"@executable_path/Frameworks",
					"@loader_path/Frameworks",
				);
				PRODUCT_BUNDLE_IDENTIFIER = co.onemandev.VCsUITests;
				PRODUCT_NAME = "$(TARGET_NAME)";
				TARGETED_DEVICE_FAMILY = "1,2";
				TEST_TARGET_NAME = VCs;
			};
			name = Debug;
		};
		8A257F4C24E588760036D039 /* Release */ = {
			isa = XCBuildConfiguration;
			buildSettings = {
				CODE_SIGN_STYLE = Automatic;
				DEVELOPMENT_TEAM = V4K88747GJ;
				INFOPLIST_FILE = VCsUITests/Info.plist;
				LD_RUNPATH_SEARCH_PATHS = (
					"$(inherited)",
					"@executable_path/Frameworks",
					"@loader_path/Frameworks",
				);
				PRODUCT_BUNDLE_IDENTIFIER = co.onemandev.VCsUITests;
				PRODUCT_NAME = "$(TARGET_NAME)";
				TARGETED_DEVICE_FAMILY = "1,2";
				TEST_TARGET_NAME = VCs;
			};
			name = Release;
		};
		8A53296924CDD3B6000F7AA8 /* Debug */ = {
			isa = XCBuildConfiguration;
			buildSettings = {
				ALWAYS_SEARCH_USER_PATHS = NO;
				CLANG_ANALYZER_NONNULL = YES;
				CLANG_ANALYZER_NUMBER_OBJECT_CONVERSION = YES_AGGRESSIVE;
				CLANG_CXX_LANGUAGE_STANDARD = "gnu++14";
				CLANG_CXX_LIBRARY = "libc++";
				CLANG_ENABLE_MODULES = YES;
				CLANG_ENABLE_OBJC_ARC = YES;
				CLANG_ENABLE_OBJC_WEAK = YES;
				CLANG_WARN_BLOCK_CAPTURE_AUTORELEASING = YES;
				CLANG_WARN_BOOL_CONVERSION = YES;
				CLANG_WARN_COMMA = YES;
				CLANG_WARN_CONSTANT_CONVERSION = YES;
				CLANG_WARN_DEPRECATED_OBJC_IMPLEMENTATIONS = YES;
				CLANG_WARN_DIRECT_OBJC_ISA_USAGE = YES_ERROR;
				CLANG_WARN_DOCUMENTATION_COMMENTS = YES;
				CLANG_WARN_EMPTY_BODY = YES;
				CLANG_WARN_ENUM_CONVERSION = YES;
				CLANG_WARN_INFINITE_RECURSION = YES;
				CLANG_WARN_INT_CONVERSION = YES;
				CLANG_WARN_NON_LITERAL_NULL_CONVERSION = YES;
				CLANG_WARN_OBJC_IMPLICIT_RETAIN_SELF = YES;
				CLANG_WARN_OBJC_LITERAL_CONVERSION = YES;
				CLANG_WARN_OBJC_ROOT_CLASS = YES_ERROR;
				CLANG_WARN_RANGE_LOOP_ANALYSIS = YES;
				CLANG_WARN_STRICT_PROTOTYPES = YES;
				CLANG_WARN_SUSPICIOUS_MOVE = YES;
				CLANG_WARN_UNGUARDED_AVAILABILITY = YES_AGGRESSIVE;
				CLANG_WARN_UNREACHABLE_CODE = YES;
				CLANG_WARN__DUPLICATE_METHOD_MATCH = YES;
				COPY_PHASE_STRIP = NO;
				DEBUG_INFORMATION_FORMAT = dwarf;
				ENABLE_STRICT_OBJC_MSGSEND = YES;
				ENABLE_TESTABILITY = YES;
				GCC_C_LANGUAGE_STANDARD = gnu11;
				GCC_DYNAMIC_NO_PIC = NO;
				GCC_NO_COMMON_BLOCKS = YES;
				GCC_OPTIMIZATION_LEVEL = 0;
				GCC_PREPROCESSOR_DEFINITIONS = (
					"DEBUG=1",
					"$(inherited)",
				);
				GCC_WARN_64_TO_32_BIT_CONVERSION = YES;
				GCC_WARN_ABOUT_RETURN_TYPE = YES_ERROR;
				GCC_WARN_UNDECLARED_SELECTOR = YES;
				GCC_WARN_UNINITIALIZED_AUTOS = YES_AGGRESSIVE;
				GCC_WARN_UNUSED_FUNCTION = YES;
				GCC_WARN_UNUSED_VARIABLE = YES;
				IPHONEOS_DEPLOYMENT_TARGET = 13.6;
				MTL_ENABLE_DEBUG_INFO = INCLUDE_SOURCE;
				MTL_FAST_MATH = YES;
				ONLY_ACTIVE_ARCH = YES;
				SDKROOT = iphoneos;
			};
			name = Debug;
		};
		8A53296A24CDD3B6000F7AA8 /* Release */ = {
			isa = XCBuildConfiguration;
			buildSettings = {
				ALWAYS_SEARCH_USER_PATHS = NO;
				CLANG_ANALYZER_NONNULL = YES;
				CLANG_ANALYZER_NUMBER_OBJECT_CONVERSION = YES_AGGRESSIVE;
				CLANG_CXX_LANGUAGE_STANDARD = "gnu++14";
				CLANG_CXX_LIBRARY = "libc++";
				CLANG_ENABLE_MODULES = YES;
				CLANG_ENABLE_OBJC_ARC = YES;
				CLANG_ENABLE_OBJC_WEAK = YES;
				CLANG_WARN_BLOCK_CAPTURE_AUTORELEASING = YES;
				CLANG_WARN_BOOL_CONVERSION = YES;
				CLANG_WARN_COMMA = YES;
				CLANG_WARN_CONSTANT_CONVERSION = YES;
				CLANG_WARN_DEPRECATED_OBJC_IMPLEMENTATIONS = YES;
				CLANG_WARN_DIRECT_OBJC_ISA_USAGE = YES_ERROR;
				CLANG_WARN_DOCUMENTATION_COMMENTS = YES;
				CLANG_WARN_EMPTY_BODY = YES;
				CLANG_WARN_ENUM_CONVERSION = YES;
				CLANG_WARN_INFINITE_RECURSION = YES;
				CLANG_WARN_INT_CONVERSION = YES;
				CLANG_WARN_NON_LITERAL_NULL_CONVERSION = YES;
				CLANG_WARN_OBJC_IMPLICIT_RETAIN_SELF = YES;
				CLANG_WARN_OBJC_LITERAL_CONVERSION = YES;
				CLANG_WARN_OBJC_ROOT_CLASS = YES_ERROR;
				CLANG_WARN_RANGE_LOOP_ANALYSIS = YES;
				CLANG_WARN_STRICT_PROTOTYPES = YES;
				CLANG_WARN_SUSPICIOUS_MOVE = YES;
				CLANG_WARN_UNGUARDED_AVAILABILITY = YES_AGGRESSIVE;
				CLANG_WARN_UNREACHABLE_CODE = YES;
				CLANG_WARN__DUPLICATE_METHOD_MATCH = YES;
				COPY_PHASE_STRIP = NO;
				DEBUG_INFORMATION_FORMAT = "dwarf-with-dsym";
				ENABLE_NS_ASSERTIONS = NO;
				ENABLE_STRICT_OBJC_MSGSEND = YES;
				GCC_C_LANGUAGE_STANDARD = gnu11;
				GCC_NO_COMMON_BLOCKS = YES;
				GCC_WARN_64_TO_32_BIT_CONVERSION = YES;
				GCC_WARN_ABOUT_RETURN_TYPE = YES_ERROR;
				GCC_WARN_UNDECLARED_SELECTOR = YES;
				GCC_WARN_UNINITIALIZED_AUTOS = YES_AGGRESSIVE;
				GCC_WARN_UNUSED_FUNCTION = YES;
				GCC_WARN_UNUSED_VARIABLE = YES;
				IPHONEOS_DEPLOYMENT_TARGET = 13.6;
				MTL_ENABLE_DEBUG_INFO = NO;
				MTL_FAST_MATH = YES;
				SDKROOT = iphoneos;
				VALIDATE_PRODUCT = YES;
			};
			name = Release;
		};
		8A53296C24CDD3B6000F7AA8 /* Debug */ = {
			isa = XCBuildConfiguration;
			buildSettings = {
				ASSETCATALOG_COMPILER_APPICON_NAME = AppIcon;
				CODE_SIGN_ENTITLEMENTS = VCs/VCs.entitlements;
				CODE_SIGN_STYLE = Automatic;
				DEVELOPMENT_TEAM = V4K88747GJ;
				INFOPLIST_FILE = VCs/Info.plist;
				IPHONEOS_DEPLOYMENT_TARGET = 13.0;
				LD_RUNPATH_SEARCH_PATHS = (
					"$(inherited)",
					"@executable_path/Frameworks",
				);
				PRODUCT_BUNDLE_IDENTIFIER = co.onemandev.VCs;
				PRODUCT_NAME = "$(TARGET_NAME)";
				TARGETED_DEVICE_FAMILY = "1,2";
			};
			name = Debug;
		};
		8A53296D24CDD3B6000F7AA8 /* Release */ = {
			isa = XCBuildConfiguration;
			buildSettings = {
				ASSETCATALOG_COMPILER_APPICON_NAME = AppIcon;
				CODE_SIGN_ENTITLEMENTS = VCs/VCs.entitlements;
				CODE_SIGN_STYLE = Automatic;
				DEVELOPMENT_TEAM = V4K88747GJ;
				INFOPLIST_FILE = VCs/Info.plist;
				IPHONEOS_DEPLOYMENT_TARGET = 13.0;
				LD_RUNPATH_SEARCH_PATHS = (
					"$(inherited)",
					"@executable_path/Frameworks",
				);
				PRODUCT_BUNDLE_IDENTIFIER = co.onemandev.VCs;
				PRODUCT_NAME = "$(TARGET_NAME)";
				TARGETED_DEVICE_FAMILY = "1,2";
			};
			name = Release;
		};
/* End XCBuildConfiguration section */

/* Begin XCConfigurationList section */
		8A257F4A24E588760036D039 /* Build configuration list for PBXNativeTarget "VCsUITests" */ = {
			isa = XCConfigurationList;
			buildConfigurations = (
				8A257F4B24E588760036D039 /* Debug */,
				8A257F4C24E588760036D039 /* Release */,
			);
			defaultConfigurationIsVisible = 0;
			defaultConfigurationName = Release;
		};
		8A53294D24CDD3B0000F7AA8 /* Build configuration list for PBXProject "VCs" */ = {
			isa = XCConfigurationList;
			buildConfigurations = (
				8A53296924CDD3B6000F7AA8 /* Debug */,
				8A53296A24CDD3B6000F7AA8 /* Release */,
			);
			defaultConfigurationIsVisible = 0;
			defaultConfigurationName = Release;
		};
		8A53296B24CDD3B6000F7AA8 /* Build configuration list for PBXNativeTarget "VCs" */ = {
			isa = XCConfigurationList;
			buildConfigurations = (
				8A53296C24CDD3B6000F7AA8 /* Debug */,
				8A53296D24CDD3B6000F7AA8 /* Release */,
			);
			defaultConfigurationIsVisible = 0;
			defaultConfigurationName = Release;
		};
/* End XCConfigurationList section */
	};
	rootObject = 8A53294A24CDD3B0000F7AA8 /* Project object */;
}
